
Microsoft Visual Studio Solution File, Format Version 12.00
# Visual Studio 14
VisualStudioVersion = 14.0.25420.1
MinimumVisualStudioVersion = 10.0.40219.1
Project("{FAE04EC0-301F-11D3-BF4B-00C04F79EFBC}") = "Civica.CrmBuilder.Domain", "Civica.CrmBuilder.Domain\Civica.CrmBuilder.Domain.csproj", "{D31A19DA-EAF3-45C3-BC02-F4741408F849}"
EndProject
Project("{FAE04EC0-301F-11D3-BF4B-00C04F79EFBC}") = "Civica.CrmBuilder.Entities", "Civica.CrmBuilder.Entities\Civica.CrmBuilder.Entities.csproj", "{1DD387CB-6475-4EA9-933E-1E44D48BA065}"
EndProject
Project("{FAE04EC0-301F-11D3-BF4B-00C04F79EFBC}") = "Civica.CrmPlusPlus.Sdk", "Civica.CrmPlusPlus.Sdk\Civica.CrmPlusPlus.Sdk.csproj", "{20E43A48-CB82-4B7D-900A-5F3DFFE285CB}"
EndProject
Project("{2150E333-8FDC-42A3-9474-1A3956D46DE8}") = "Tools", "Tools", "{6235D913-28B7-448F-AB19-456466855688}"
EndProject
Project("{FAE04EC0-301F-11D3-BF4B-00C04F79EFBC}") = "Civica.CrmBuilder.CodeGen", "Civica.CrmBuilder.CodeGen\Civica.CrmBuilder.CodeGen.csproj", "{AD41119D-797C-45FF-A973-A635040C2D5C}"
EndProject
Project("{FAE04EC0-301F-11D3-BF4B-00C04F79EFBC}") = "Civica.CrmBuilder.Api", "Civica.CrmBuilder.Api\Civica.CrmBuilder.Api.csproj", "{94A5C1C4-D0CB-4814-AA4C-776E87AE3479}"
EndProject
Global
	GlobalSection(SolutionConfigurationPlatforms) = preSolution
		Debug|Any CPU = Debug|Any CPU
		Release|Any CPU = Release|Any CPU
	EndGlobalSection
	GlobalSection(ProjectConfigurationPlatforms) = postSolution
		{D31A19DA-EAF3-45C3-BC02-F4741408F849}.Debug|Any CPU.ActiveCfg = Debug|Any CPU
		{D31A19DA-EAF3-45C3-BC02-F4741408F849}.Debug|Any CPU.Build.0 = Debug|Any CPU
		{D31A19DA-EAF3-45C3-BC02-F4741408F849}.Release|Any CPU.ActiveCfg = Release|Any CPU
		{D31A19DA-EAF3-45C3-BC02-F4741408F849}.Release|Any CPU.Build.0 = Release|Any CPU
		{1DD387CB-6475-4EA9-933E-1E44D48BA065}.Debug|Any CPU.ActiveCfg = Debug|Any CPU
		{1DD387CB-6475-4EA9-933E-1E44D48BA065}.Debug|Any CPU.Build.0 = Debug|Any CPU
		{1DD387CB-6475-4EA9-933E-1E44D48BA065}.Release|Any CPU.ActiveCfg = Release|Any CPU
		{1DD387CB-6475-4EA9-933E-1E44D48BA065}.Release|Any CPU.Build.0 = Release|Any CPU
		{20E43A48-CB82-4B7D-900A-5F3DFFE285CB}.Debug|Any CPU.ActiveCfg = Debug|Any CPU
		{20E43A48-CB82-4B7D-900A-5F3DFFE285CB}.Debug|Any CPU.Build.0 = Debug|Any CPU
		{20E43A48-CB82-4B7D-900A-5F3DFFE285CB}.Release|Any CPU.ActiveCfg = Release|Any CPU
		{20E43A48-CB82-4B7D-900A-5F3DFFE285CB}.Release|Any CPU.Build.0 = Release|Any CPU
		{AD41119D-797C-45FF-A973-A635040C2D5C}.Debug|Any CPU.ActiveCfg = Debug|Any CPU
		{AD41119D-797C-45FF-A973-A635040C2D5C}.Debug|Any CPU.Build.0 = Debug|Any CPU
		{AD41119D-797C-45FF-A973-A635040C2D5C}.Release|Any CPU.ActiveCfg = Release|Any CPU
		{AD41119D-797C-45FF-A973-A635040C2D5C}.Release|Any CPU.Build.0 = Release|Any CPU
		{94A5C1C4-D0CB-4814-AA4C-776E87AE3479}.Debug|Any CPU.ActiveCfg = Debug|Any CPU
		{94A5C1C4-D0CB-4814-AA4C-776E87AE3479}.Debug|Any CPU.Build.0 = Debug|Any CPU
		{94A5C1C4-D0CB-4814-AA4C-776E87AE3479}.Release|Any CPU.ActiveCfg = Release|Any CPU
		{94A5C1C4-D0CB-4814-AA4C-776E87AE3479}.Release|Any CPU.Build.0 = Release|Any CPU
	EndGlobalSection
	GlobalSection(SolutionProperties) = preSolution
		HideSolutionNode = FALSE
	EndGlobalSection
	GlobalSection(NestedProjects) = preSolution
		{AD41119D-797C-45FF-A973-A635040C2D5C} = {6235D913-28B7-448F-AB19-456466855688}
	EndGlobalSection
EndGlobal
